
Microsoft Visual Studio Solution File, Format Version 12.00
# Visual Studio Version 17
VisualStudioVersion = 17.8.34511.84
MinimumVisualStudioVersion = 10.0.40219.1
Project("{FAE04EC0-301F-11D3-BF4B-00C04F79EFBC}") = "SumaSiProdus", "SumaSiProdus\SumaSiProdus.csproj", "{E27734C6-4DE5-4279-9D79-ED8F430F54C7}"
EndProject
Global
	GlobalSection(SolutionConfigurationPlatforms) = preSolution
		Debug|Any CPU = Debug|Any CPU
		Release|Any CPU = Release|Any CPU
	EndGlobalSection
	GlobalSection(ProjectConfigurationPlatforms) = postSolution
		{E27734C6-4DE5-4279-9D79-ED8F430F54C7}.Debug|Any CPU.ActiveCfg = Debug|Any CPU
		{E27734C6-4DE5-4279-9D79-ED8F430F54C7}.Debug|Any CPU.Build.0 = Debug|Any CPU
		{E27734C6-4DE5-4279-9D79-ED8F430F54C7}.Release|Any CPU.ActiveCfg = Release|Any CPU
		{E27734C6-4DE5-4279-9D79-ED8F430F54C7}.Release|Any CPU.Build.0 = Release|Any CPU
	EndGlobalSection
	GlobalSection(SolutionProperties) = preSolution
		HideSolutionNode = FALSE
	EndGlobalSection
	GlobalSection(ExtensibilityGlobals) = postSolution
		SolutionGuid = {8FB65728-82C7-48BB-9B3B-16CDEEEC2E19}
	EndGlobalSection
EndGlobal
