
Microsoft Visual Studio Solution File, Format Version 12.00
# Visual Studio Version 17
VisualStudioVersion = 17.8.34511.84
MinimumVisualStudioVersion = 10.0.40219.1
Project("{FAE04EC0-301F-11D3-BF4B-00C04F79EFBC}") = "MinMaxCount", "MinMaxCount\MinMaxCount.csproj", "{6F8DEA5C-A095-4931-BED4-65A51CF39B7B}"
EndProject
Global
	GlobalSection(SolutionConfigurationPlatforms) = preSolution
		Debug|Any CPU = Debug|Any CPU
		Release|Any CPU = Release|Any CPU
	EndGlobalSection
	GlobalSection(ProjectConfigurationPlatforms) = postSolution
		{6F8DEA5C-A095-4931-BED4-65A51CF39B7B}.Debug|Any CPU.ActiveCfg = Debug|Any CPU
		{6F8DEA5C-A095-4931-BED4-65A51CF39B7B}.Debug|Any CPU.Build.0 = Debug|Any CPU
		{6F8DEA5C-A095-4931-BED4-65A51CF39B7B}.Release|Any CPU.ActiveCfg = Release|Any CPU
		{6F8DEA5C-A095-4931-BED4-65A51CF39B7B}.Release|Any CPU.Build.0 = Release|Any CPU
	EndGlobalSection
	GlobalSection(SolutionProperties) = preSolution
		HideSolutionNode = FALSE
	EndGlobalSection
	GlobalSection(ExtensibilityGlobals) = postSolution
		SolutionGuid = {92CE5857-1063-47DA-BA05-2ECBE24ECC4B}
	EndGlobalSection
EndGlobal
