
Microsoft Visual Studio Solution File, Format Version 12.00
# Visual Studio Version 17
VisualStudioVersion = 17.8.34511.84
MinimumVisualStudioVersion = 10.0.40219.1
Project("{FAE04EC0-301F-11D3-BF4B-00C04F79EFBC}") = "SumaInverselor", "SumaInverselor\SumaInverselor.csproj", "{CE8374AF-5F50-4C98-96AC-999127C0A3C1}"
EndProject
Global
	GlobalSection(SolutionConfigurationPlatforms) = preSolution
		Debug|Any CPU = Debug|Any CPU
		Release|Any CPU = Release|Any CPU
	EndGlobalSection
	GlobalSection(ProjectConfigurationPlatforms) = postSolution
		{CE8374AF-5F50-4C98-96AC-999127C0A3C1}.Debug|Any CPU.ActiveCfg = Debug|Any CPU
		{CE8374AF-5F50-4C98-96AC-999127C0A3C1}.Debug|Any CPU.Build.0 = Debug|Any CPU
		{CE8374AF-5F50-4C98-96AC-999127C0A3C1}.Release|Any CPU.ActiveCfg = Release|Any CPU
		{CE8374AF-5F50-4C98-96AC-999127C0A3C1}.Release|Any CPU.Build.0 = Release|Any CPU
	EndGlobalSection
	GlobalSection(SolutionProperties) = preSolution
		HideSolutionNode = FALSE
	EndGlobalSection
	GlobalSection(ExtensibilityGlobals) = postSolution
		SolutionGuid = {6EF09A8D-CB38-48C6-A78D-636DC817191E}
	EndGlobalSection
EndGlobal
