
Microsoft Visual Studio Solution File, Format Version 12.00
# Visual Studio Version 17
VisualStudioVersion = 17.8.34511.84
MinimumVisualStudioVersion = 10.0.40219.1
Project("{FAE04EC0-301F-11D3-BF4B-00C04F79EFBC}") = "CountNumbers", "CountNumbers\CountNumbers.csproj", "{21670253-2F4E-4064-A622-6E78F47A77B5}"
EndProject
Global
	GlobalSection(SolutionConfigurationPlatforms) = preSolution
		Debug|Any CPU = Debug|Any CPU
		Release|Any CPU = Release|Any CPU
	EndGlobalSection
	GlobalSection(ProjectConfigurationPlatforms) = postSolution
		{21670253-2F4E-4064-A622-6E78F47A77B5}.Debug|Any CPU.ActiveCfg = Debug|Any CPU
		{21670253-2F4E-4064-A622-6E78F47A77B5}.Debug|Any CPU.Build.0 = Debug|Any CPU
		{21670253-2F4E-4064-A622-6E78F47A77B5}.Release|Any CPU.ActiveCfg = Release|Any CPU
		{21670253-2F4E-4064-A622-6E78F47A77B5}.Release|Any CPU.Build.0 = Release|Any CPU
	EndGlobalSection
	GlobalSection(SolutionProperties) = preSolution
		HideSolutionNode = FALSE
	EndGlobalSection
	GlobalSection(ExtensibilityGlobals) = postSolution
		SolutionGuid = {2EF9D723-0DAC-49A3-84B9-A90C700D548A}
	EndGlobalSection
EndGlobal
