
Microsoft Visual Studio Solution File, Format Version 12.00
# Visual Studio Version 17
VisualStudioVersion = 17.8.34511.84
MinimumVisualStudioVersion = 10.0.40219.1
Project("{FAE04EC0-301F-11D3-BF4B-00C04F79EFBC}") = "NumerePare", "NumerePare\NumerePare.csproj", "{B2BDB68C-C47B-4E78-8F36-B75181D92BDF}"
EndProject
Global
	GlobalSection(SolutionConfigurationPlatforms) = preSolution
		Debug|Any CPU = Debug|Any CPU
		Release|Any CPU = Release|Any CPU
	EndGlobalSection
	GlobalSection(ProjectConfigurationPlatforms) = postSolution
		{B2BDB68C-C47B-4E78-8F36-B75181D92BDF}.Debug|Any CPU.ActiveCfg = Debug|Any CPU
		{B2BDB68C-C47B-4E78-8F36-B75181D92BDF}.Debug|Any CPU.Build.0 = Debug|Any CPU
		{B2BDB68C-C47B-4E78-8F36-B75181D92BDF}.Release|Any CPU.ActiveCfg = Release|Any CPU
		{B2BDB68C-C47B-4E78-8F36-B75181D92BDF}.Release|Any CPU.Build.0 = Release|Any CPU
	EndGlobalSection
	GlobalSection(SolutionProperties) = preSolution
		HideSolutionNode = FALSE
	EndGlobalSection
	GlobalSection(ExtensibilityGlobals) = postSolution
		SolutionGuid = {494BC5E1-67A7-41BE-9FAB-99D3FF2E8EA2}
	EndGlobalSection
EndGlobal
